
Microsoft Visual Studio Solution File, Format Version 12.00
# Visual Studio Version 17
VisualStudioVersion = 17.2.32602.215
MinimumVisualStudioVersion = 10.0.40219.1
Project("{FAE04EC0-301F-11D3-BF4B-00C04F79EFBC}") = "SklepInternetowy", "SklepInternetowy\SklepInternetowy.csproj", "{C90A4535-21FF-4744-8C09-DA96CA68BE03}"
EndProject
Global
	GlobalSection(SolutionConfigurationPlatforms) = preSolution
		Debug|Any CPU = Debug|Any CPU
		Release|Any CPU = Release|Any CPU
	EndGlobalSection
	GlobalSection(ProjectConfigurationPlatforms) = postSolution
		{C90A4535-21FF-4744-8C09-DA96CA68BE03}.Debug|Any CPU.ActiveCfg = Debug|Any CPU
		{C90A4535-21FF-4744-8C09-DA96CA68BE03}.Debug|Any CPU.Build.0 = Debug|Any CPU
		{C90A4535-21FF-4744-8C09-DA96CA68BE03}.Release|Any CPU.ActiveCfg = Release|Any CPU
		{C90A4535-21FF-4744-8C09-DA96CA68BE03}.Release|Any CPU.Build.0 = Release|Any CPU
	EndGlobalSection
	GlobalSection(SolutionProperties) = preSolution
		HideSolutionNode = FALSE
	EndGlobalSection
	GlobalSection(ExtensibilityGlobals) = postSolution
		SolutionGuid = {9E713894-733F-470B-A2C1-3B5F41611C44}
	EndGlobalSection
EndGlobal
